// !$*UTF8*$!
{
	archiveVersion = 1;
	classes = {
	};
	objectVersion = 77;
	objects = {

/* Begin PBXContainerItemProxy section */
		B9816AF52CC0A62600C2DCD2 /* PBXContainerItemProxy */ = {
			isa = PBXContainerItemProxy;
			containerPortal = B9816ADC2CC0A61900C2DCD2 /* Project object */;
			proxyType = 1;
			remoteGlobalIDString = B9816AE32CC0A61900C2DCD2;
			remoteInfo = CheckoutApp;
		};
		B9816AFF2CC0A62600C2DCD2 /* PBXContainerItemProxy */ = {
			isa = PBXContainerItemProxy;
			containerPortal = B9816ADC2CC0A61900C2DCD2 /* Project object */;
			proxyType = 1;
			remoteGlobalIDString = B9816AE32CC0A61900C2DCD2;
			remoteInfo = CheckoutApp;
		};
/* End PBXContainerItemProxy section */

/* Begin PBXFileReference section */
		B9816AE42CC0A61900C2DCD2 /* CheckoutApp.app */ = {isa = PBXFileReference; explicitFileType = wrapper.application; includeInIndex = 0; path = CheckoutApp.app; sourceTree = BUILT_PRODUCTS_DIR; };
		B9816AF42CC0A62600C2DCD2 /* CheckoutAppTests.xctest */ = {isa = PBXFileReference; explicitFileType = wrapper.cfbundle; includeInIndex = 0; path = CheckoutAppTests.xctest; sourceTree = BUILT_PRODUCTS_DIR; };
		B9816AFE2CC0A62600C2DCD2 /* CheckoutAppUITests.xctest */ = {isa = PBXFileReference; explicitFileType = wrapper.cfbundle; includeInIndex = 0; path = CheckoutAppUITests.xctest; sourceTree = BUILT_PRODUCTS_DIR; };
/* End PBXFileReference section */

/* Begin PBXFileSystemSynchronizedRootGroup section */
		B9816AE62CC0A61900C2DCD2 /* CheckoutApp */ = {
			isa = PBXFileSystemSynchronizedRootGroup;
			path = CheckoutApp;
			sourceTree = "<group>";
		};
		B9816AF72CC0A62600C2DCD2 /* CheckoutAppTests */ = {
			isa = PBXFileSystemSynchronizedRootGroup;
			path = CheckoutAppTests;
			sourceTree = "<group>";
		};
		B9816B012CC0A62600C2DCD2 /* CheckoutAppUITests */ = {
			isa = PBXFileSystemSynchronizedRootGroup;
			path = CheckoutAppUITests;
			sourceTree = "<group>";
		};
/* End PBXFileSystemSynchronizedRootGroup section */

/* Begin PBXFrameworksBuildPhase section */
		B9816AE12CC0A61900C2DCD2 /* Frameworks */ = {
			isa = PBXFrameworksBuildPhase;
			buildActionMask = 2147483647;
			files = (
			);
			runOnlyForDeploymentPostprocessing = 0;
		};
		B9816AF12CC0A62600C2DCD2 /* Frameworks */ = {
			isa = PBXFrameworksBuildPhase;
			buildActionMask = 2147483647;
			files = (
			);
			runOnlyForDeploymentPostprocessing = 0;
		};
		B9816AFB2CC0A62600C2DCD2 /* Frameworks */ = {
			isa = PBXFrameworksBuildPhase;
			buildActionMask = 2147483647;
			files = (
			);
			runOnlyForDeploymentPostprocessing = 0;
		};
/* End PBXFrameworksBuildPhase section */

/* Begin PBXGroup section */
		B9816ADB2CC0A61900C2DCD2 = {
			isa = PBXGroup;
			children = (
				B9816AE62CC0A61900C2DCD2 /* CheckoutApp */,
				B9816AF72CC0A62600C2DCD2 /* CheckoutAppTests */,
				B9816B012CC0A62600C2DCD2 /* CheckoutAppUITests */,
				B9816AE52CC0A61900C2DCD2 /* Products */,
			);
			sourceTree = "<group>";
		};
		B9816AE52CC0A61900C2DCD2 /* Products */ = {
			isa = PBXGroup;
			children = (
				B9816AE42CC0A61900C2DCD2 /* CheckoutApp.app */,
				B9816AF42CC0A62600C2DCD2 /* CheckoutAppTests.xctest */,
				B9816AFE2CC0A62600C2DCD2 /* CheckoutAppUITests.xctest */,
			);
			name = Products;
			sourceTree = "<group>";
		};
/* End PBXGroup section */

/* Begin PBXNativeTarget section */
		B9816AE32CC0A61900C2DCD2 /* CheckoutApp */ = {
			isa = PBXNativeTarget;
			buildConfigurationList = B9816B082CC0A62600C2DCD2 /* Build configuration list for PBXNativeTarget "CheckoutApp" */;
			buildPhases = (
				B9816AE02CC0A61900C2DCD2 /* Sources */,
				B9816AE12CC0A61900C2DCD2 /* Frameworks */,
				B9816AE22CC0A61900C2DCD2 /* Resources */,
			);
			buildRules = (
			);
			dependencies = (
			);
			fileSystemSynchronizedGroups = (
				B9816AE62CC0A61900C2DCD2 /* CheckoutApp */,
			);
			name = CheckoutApp;
			packageProductDependencies = (
			);
			productName = CheckoutApp;
			productReference = B9816AE42CC0A61900C2DCD2 /* CheckoutApp.app */;
			productType = "com.apple.product-type.application";
		};
		B9816AF32CC0A62600C2DCD2 /* CheckoutAppTests */ = {
			isa = PBXNativeTarget;
			buildConfigurationList = B9816B0B2CC0A62600C2DCD2 /* Build configuration list for PBXNativeTarget "CheckoutAppTests" */;
			buildPhases = (
				B9816AF02CC0A62600C2DCD2 /* Sources */,
				B9816AF12CC0A62600C2DCD2 /* Frameworks */,
				B9816AF22CC0A62600C2DCD2 /* Resources */,
			);
			buildRules = (
			);
			dependencies = (
				B9816AF62CC0A62600C2DCD2 /* PBXTargetDependency */,
			);
			fileSystemSynchronizedGroups = (
				B9816AF72CC0A62600C2DCD2 /* CheckoutAppTests */,
			);
			name = CheckoutAppTests;
			packageProductDependencies = (
			);
			productName = CheckoutAppTests;
			productReference = B9816AF42CC0A62600C2DCD2 /* CheckoutAppTests.xctest */;
			productType = "com.apple.product-type.bundle.unit-test";
		};
		B9816AFD2CC0A62600C2DCD2 /* CheckoutAppUITests */ = {
			isa = PBXNativeTarget;
			buildConfigurationList = B9816B0E2CC0A62600C2DCD2 /* Build configuration list for PBXNativeTarget "CheckoutAppUITests" */;
			buildPhases = (
				B9816AFA2CC0A62600C2DCD2 /* Sources */,
				B9816AFB2CC0A62600C2DCD2 /* Frameworks */,
				B9816AFC2CC0A62600C2DCD2 /* Resources */,
			);
			buildRules = (
			);
			dependencies = (
				B9816B002CC0A62600C2DCD2 /* PBXTargetDependency */,
			);
			fileSystemSynchronizedGroups = (
				B9816B012CC0A62600C2DCD2 /* CheckoutAppUITests */,
			);
			name = CheckoutAppUITests;
			packageProductDependencies = (
			);
			productName = CheckoutAppUITests;
			productReference = B9816AFE2CC0A62600C2DCD2 /* CheckoutAppUITests.xctest */;
			productType = "com.apple.product-type.bundle.ui-testing";
		};
/* End PBXNativeTarget section */

/* Begin PBXProject section */
		B9816ADC2CC0A61900C2DCD2 /* Project object */ = {
			isa = PBXProject;
			attributes = {
				BuildIndependentTargetsInParallel = 1;
				LastSwiftUpdateCheck = 1600;
				LastUpgradeCheck = 1600;
				TargetAttributes = {
					B9816AE32CC0A61900C2DCD2 = {
						CreatedOnToolsVersion = 16.0;
					};
					B9816AF32CC0A62600C2DCD2 = {
						CreatedOnToolsVersion = 16.0;
						TestTargetID = B9816AE32CC0A61900C2DCD2;
					};
					B9816AFD2CC0A62600C2DCD2 = {
						CreatedOnToolsVersion = 16.0;
						TestTargetID = B9816AE32CC0A61900C2DCD2;
					};
				};
			};
			buildConfigurationList = B9816ADF2CC0A61900C2DCD2 /* Build configuration list for PBXProject "CheckoutApp" */;
			developmentRegion = en;
			hasScannedForEncodings = 0;
			knownRegions = (
				en,
				Base,
			);
			mainGroup = B9816ADB2CC0A61900C2DCD2;
			minimizedProjectReferenceProxies = 1;
			preferredProjectObjectVersion = 77;
			productRefGroup = B9816AE52CC0A61900C2DCD2 /* Products */;
			projectDirPath = "";
			projectRoot = "";
			targets = (
				B9816AE32CC0A61900C2DCD2 /* CheckoutApp */,
				B9816AF32CC0A62600C2DCD2 /* CheckoutAppTests */,
				B9816AFD2CC0A62600C2DCD2 /* CheckoutAppUITests */,
			);
		};
/* End PBXProject section */

/* Begin PBXResourcesBuildPhase section */
		B9816AE22CC0A61900C2DCD2 /* Resources */ = {
			isa = PBXResourcesBuildPhase;
			buildActionMask = 2147483647;
			files = (
			);
			runOnlyForDeploymentPostprocessing = 0;
		};
		B9816AF22CC0A62600C2DCD2 /* Resources */ = {
			isa = PBXResourcesBuildPhase;
			buildActionMask = 2147483647;
			files = (
			);
			runOnlyForDeploymentPostprocessing = 0;
		};
		B9816AFC2CC0A62600C2DCD2 /* Resources */ = {
			isa = PBXResourcesBuildPhase;
			buildActionMask = 2147483647;
			files = (
			);
			runOnlyForDeploymentPostprocessing = 0;
		};
/* End PBXResourcesBuildPhase section */

/* Begin PBXSourcesBuildPhase section */
		B9816AE02CC0A61900C2DCD2 /* Sources */ = {
			isa = PBXSourcesBuildPhase;
			buildActionMask = 2147483647;
			files = (
			);
			runOnlyForDeploymentPostprocessing = 0;
		};
		B9816AF02CC0A62600C2DCD2 /* Sources */ = {
			isa = PBXSourcesBuildPhase;
			buildActionMask = 2147483647;
			files = (
			);
			runOnlyForDeploymentPostprocessing = 0;
		};
		B9816AFA2CC0A62600C2DCD2 /* Sources */ = {
			isa = PBXSourcesBuildPhase;
			buildActionMask = 2147483647;
			files = (
			);
			runOnlyForDeploymentPostprocessing = 0;
		};
/* End PBXSourcesBuildPhase section */

/* Begin PBXTargetDependency section */
		B9816AF62CC0A62600C2DCD2 /* PBXTargetDependency */ = {
			isa = PBXTargetDependency;
			target = B9816AE32CC0A61900C2DCD2 /* CheckoutApp */;
			targetProxy = B9816AF52CC0A62600C2DCD2 /* PBXContainerItemProxy */;
		};
		B9816B002CC0A62600C2DCD2 /* PBXTargetDependency */ = {
			isa = PBXTargetDependency;
			target = B9816AE32CC0A61900C2DCD2 /* CheckoutApp */;
			targetProxy = B9816AFF2CC0A62600C2DCD2 /* PBXContainerItemProxy */;
		};
/* End PBXTargetDependency section */

/* Begin XCBuildConfiguration section */
		B9816B062CC0A62600C2DCD2 /* Debug */ = {
			isa = XCBuildConfiguration;
			buildSettings = {
				ALWAYS_SEARCH_USER_PATHS = NO;
				ASSETCATALOG_COMPILER_GENERATE_SWIFT_ASSET_SYMBOL_EXTENSIONS = YES;
				CLANG_ANALYZER_NONNULL = YES;
				CLANG_ANALYZER_NUMBER_OBJECT_CONVERSION = YES_AGGRESSIVE;
				CLANG_CXX_LANGUAGE_STANDARD = "gnu++20";
				CLANG_ENABLE_MODULES = YES;
				CLANG_ENABLE_OBJC_ARC = YES;
				CLANG_ENABLE_OBJC_WEAK = YES;
				CLANG_WARN_BLOCK_CAPTURE_AUTORELEASING = YES;
				CLANG_WARN_BOOL_CONVERSION = YES;
				CLANG_WARN_COMMA = YES;
				CLANG_WARN_CONSTANT_CONVERSION = YES;
				CLANG_WARN_DEPRECATED_OBJC_IMPLEMENTATIONS = YES;
				CLANG_WARN_DIRECT_OBJC_ISA_USAGE = YES_ERROR;
				CLANG_WARN_DOCUMENTATION_COMMENTS = YES;
				CLANG_WARN_EMPTY_BODY = YES;
				CLANG_WARN_ENUM_CONVERSION = YES;
				CLANG_WARN_INFINITE_RECURSION = YES;
				CLANG_WARN_INT_CONVERSION = YES;
				CLANG_WARN_NON_LITERAL_NULL_CONVERSION = YES;
				CLANG_WARN_OBJC_IMPLICIT_RETAIN_SELF = YES;
				CLANG_WARN_OBJC_LITERAL_CONVERSION = YES;
				CLANG_WARN_OBJC_ROOT_CLASS = YES_ERROR;
				CLANG_WARN_QUOTED_INCLUDE_IN_FRAMEWORK_HEADER = YES;
				CLANG_WARN_RANGE_LOOP_ANALYSIS = YES;
				CLANG_WARN_STRICT_PROTOTYPES = YES;
				CLANG_WARN_SUSPICIOUS_MOVE = YES;
				CLANG_WARN_UNGUARDED_AVAILABILITY = YES_AGGRESSIVE;
				CLANG_WARN_UNREACHABLE_CODE = YES;
				CLANG_WARN__DUPLICATE_METHOD_MATCH = YES;
				COPY_PHASE_STRIP = NO;
				DEBUG_INFORMATION_FORMAT = dwarf;
				ENABLE_STRICT_OBJC_MSGSEND = YES;
				ENABLE_TESTABILITY = YES;
				ENABLE_USER_SCRIPT_SANDBOXING = YES;
				GCC_C_LANGUAGE_STANDARD = gnu17;
				GCC_DYNAMIC_NO_PIC = NO;
				GCC_NO_COMMON_BLOCKS = YES;
				GCC_OPTIMIZATION_LEVEL = 0;
				GCC_PREPROCESSOR_DEFINITIONS = (
					"DEBUG=1",
					"$(inherited)",
				);
				GCC_WARN_64_TO_32_BIT_CONVERSION = YES;
				GCC_WARN_ABOUT_RETURN_TYPE = YES_ERROR;
				GCC_WARN_UNDECLARED_SELECTOR = YES;
				GCC_WARN_UNINITIALIZED_AUTOS = YES_AGGRESSIVE;
				GCC_WARN_UNUSED_FUNCTION = YES;
				GCC_WARN_UNUSED_VARIABLE = YES;
				IPHONEOS_DEPLOYMENT_TARGET = 18.0;
				LOCALIZATION_PREFERS_STRING_CATALOGS = YES;
				MTL_ENABLE_DEBUG_INFO = INCLUDE_SOURCE;
				MTL_FAST_MATH = YES;
				ONLY_ACTIVE_ARCH = YES;
				SDKROOT = iphoneos;
				SWIFT_ACTIVE_COMPILATION_CONDITIONS = "DEBUG $(inherited)";
				SWIFT_OPTIMIZATION_LEVEL = "-Onone";
			};
			name = Debug;
		};
		B9816B072CC0A62600C2DCD2 /* Release */ = {
			isa = XCBuildConfiguration;
			buildSettings = {
				ALWAYS_SEARCH_USER_PATHS = NO;
				ASSETCATALOG_COMPILER_GENERATE_SWIFT_ASSET_SYMBOL_EXTENSIONS = YES;
				CLANG_ANALYZER_NONNULL = YES;
				CLANG_ANALYZER_NUMBER_OBJECT_CONVERSION = YES_AGGRESSIVE;
				CLANG_CXX_LANGUAGE_STANDARD = "gnu++20";
				CLANG_ENABLE_MODULES = YES;
				CLANG_ENABLE_OBJC_ARC = YES;
				CLANG_ENABLE_OBJC_WEAK = YES;
				CLANG_WARN_BLOCK_CAPTURE_AUTORELEASING = YES;
				CLANG_WARN_BOOL_CONVERSION = YES;
				CLANG_WARN_COMMA = YES;
				CLANG_WARN_CONSTANT_CONVERSION = YES;
				CLANG_WARN_DEPRECATED_OBJC_IMPLEMENTATIONS = YES;
				CLANG_WARN_DIRECT_OBJC_ISA_USAGE = YES_ERROR;
				CLANG_WARN_DOCUMENTATION_COMMENTS = YES;
				CLANG_WARN_EMPTY_BODY = YES;
				CLANG_WARN_ENUM_CONVERSION = YES;
				CLANG_WARN_INFINITE_RECURSION = YES;
				CLANG_WARN_INT_CONVERSION = YES;
				CLANG_WARN_NON_LITERAL_NULL_CONVERSION = YES;
				CLANG_WARN_OBJC_IMPLICIT_RETAIN_SELF = YES;
				CLANG_WARN_OBJC_LITERAL_CONVERSION = YES;
				CLANG_WARN_OBJC_ROOT_CLASS = YES_ERROR;
				CLANG_WARN_QUOTED_INCLUDE_IN_FRAMEWORK_HEADER = YES;
				CLANG_WARN_RANGE_LOOP_ANALYSIS = YES;
				CLANG_WARN_STRICT_PROTOTYPES = YES;
				CLANG_WARN_SUSPICIOUS_MOVE = YES;
				CLANG_WARN_UNGUARDED_AVAILABILITY = YES_AGGRESSIVE;
				CLANG_WARN_UNREACHABLE_CODE = YES;
				CLANG_WARN__DUPLICATE_METHOD_MATCH = YES;
				COPY_PHASE_STRIP = NO;
				DEBUG_INFORMATION_FORMAT = "dwarf-with-dsym";
				ENABLE_NS_ASSERTIONS = NO;
				ENABLE_STRICT_OBJC_MSGSEND = YES;
				ENABLE_USER_SCRIPT_SANDBOXING = YES;
				GCC_C_LANGUAGE_STANDARD = gnu17;
				GCC_NO_COMMON_BLOCKS = YES;
				GCC_WARN_64_TO_32_BIT_CONVERSION = YES;
				GCC_WARN_ABOUT_RETURN_TYPE = YES_ERROR;
				GCC_WARN_UNDECLARED_SELECTOR = YES;
				GCC_WARN_UNINITIALIZED_AUTOS = YES_AGGRESSIVE;
				GCC_WARN_UNUSED_FUNCTION = YES;
				GCC_WARN_UNUSED_VARIABLE = YES;
				IPHONEOS_DEPLOYMENT_TARGET = 18.0;
				LOCALIZATION_PREFERS_STRING_CATALOGS = YES;
				MTL_ENABLE_DEBUG_INFO = NO;
				MTL_FAST_MATH = YES;
				SDKROOT = iphoneos;
				SWIFT_COMPILATION_MODE = wholemodule;
				VALIDATE_PRODUCT = YES;
			};
			name = Release;
		};
		B9816B092CC0A62600C2DCD2 /* Debug */ = {
			isa = XCBuildConfiguration;
			buildSettings = {
				ASSETCATALOG_COMPILER_APPICON_NAME = AppIcon;
				ASSETCATALOG_COMPILER_GLOBAL_ACCENT_COLOR_NAME = AccentColor;
				CODE_SIGN_STYLE = Automatic;
				CURRENT_PROJECT_VERSION = 1;
				DEVELOPMENT_ASSET_PATHS = "\"CheckoutApp/Preview Content\"";
				ENABLE_PREVIEWS = YES;
				GENERATE_INFOPLIST_FILE = YES;
				INFOPLIST_KEY_UIApplicationSceneManifest_Generation = YES;
				INFOPLIST_KEY_UIApplicationSupportsIndirectInputEvents = YES;
				INFOPLIST_KEY_UILaunchScreen_Generation = YES;
				INFOPLIST_KEY_UISupportedInterfaceOrientations_iPad = "UIInterfaceOrientationPortrait UIInterfaceOrientationPortraitUpsideDown UIInterfaceOrientationLandscapeLeft UIInterfaceOrientationLandscapeRight";
				INFOPLIST_KEY_UISupportedInterfaceOrientations_iPhone = "UIInterfaceOrientationPortrait UIInterfaceOrientationLandscapeLeft UIInterfaceOrientationLandscapeRight";
				LD_RUNPATH_SEARCH_PATHS = (
					"$(inherited)",
					"@executable_path/Frameworks",
				);
				MARKETING_VERSION = 1.0;
				PRODUCT_BUNDLE_IDENTIFIER = edu.auburn.onlinecsse.CheckoutApp;
				PRODUCT_NAME = "$(TARGET_NAME)";
				SWIFT_EMIT_LOC_STRINGS = YES;
				SWIFT_VERSION = 5.0;
				TARGETED_DEVICE_FAMILY = "1,2";
			};
			name = Debug;
		};
		B9816B0A2CC0A62600C2DCD2 /* Release */ = {
			isa = XCBuildConfiguration;
			buildSettings = {
				ASSETCATALOG_COMPILER_APPICON_NAME = AppIcon;
				ASSETCATALOG_COMPILER_GLOBAL_ACCENT_COLOR_NAME = AccentColor;
				CODE_SIGN_STYLE = Automatic;
				CURRENT_PROJECT_VERSION = 1;
				DEVELOPMENT_ASSET_PATHS = "\"CheckoutApp/Preview Content\"";
				ENABLE_PREVIEWS = YES;
				GENERATE_INFOPLIST_FILE = YES;
				INFOPLIST_KEY_UIApplicationSceneManifest_Generation = YES;
				INFOPLIST_KEY_UIApplicationSupportsIndirectInputEvents = YES;
				INFOPLIST_KEY_UILaunchScreen_Generation = YES;
				INFOPLIST_KEY_UISupportedInterfaceOrientations_iPad = "UIInterfaceOrientationPortrait UIInterfaceOrientationPortraitUpsideDown UIInterfaceOrientationLandscapeLeft UIInterfaceOrientationLandscapeRight";
				INFOPLIST_KEY_UISupportedInterfaceOrientations_iPhone = "UIInterfaceOrientationPortrait UIInterfaceOrientationLandscapeLeft UIInterfaceOrientationLandscapeRight";
				LD_RUNPATH_SEARCH_PATHS = (
					"$(inherited)",
					"@executable_path/Frameworks",
				);
				MARKETING_VERSION = 1.0;
				PRODUCT_BUNDLE_IDENTIFIER = edu.auburn.onlinecsse.CheckoutApp;
				PRODUCT_NAME = "$(TARGET_NAME)";
				SWIFT_EMIT_LOC_STRINGS = YES;
				SWIFT_VERSION = 5.0;
				TARGETED_DEVICE_FAMILY = "1,2";
			};
			name = Release;
		};
		B9816B0C2CC0A62600C2DCD2 /* Debug */ = {
			isa = XCBuildConfiguration;
			buildSettings = {
				BUNDLE_LOADER = "$(TEST_HOST)";
				CODE_SIGN_STYLE = Automatic;
				CURRENT_PROJECT_VERSION = 1;
				GENERATE_INFOPLIST_FILE = YES;
				IPHONEOS_DEPLOYMENT_TARGET = 18.0;
				MARKETING_VERSION = 1.0;
				PRODUCT_BUNDLE_IDENTIFIER = edu.auburn.onlinecsse.CheckoutAppTests;
				PRODUCT_NAME = "$(TARGET_NAME)";
				SWIFT_EMIT_LOC_STRINGS = NO;
				SWIFT_VERSION = 5.0;
				TARGETED_DEVICE_FAMILY = "1,2";
				TEST_HOST = "$(BUILT_PRODUCTS_DIR)/CheckoutApp.app/$(BUNDLE_EXECUTABLE_FOLDER_PATH)/CheckoutApp";
			};
			name = Debug;
		};
		B9816B0D2CC0A62600C2DCD2 /* Release */ = {
			isa = XCBuildConfiguration;
			buildSettings = {
				BUNDLE_LOADER = "$(TEST_HOST)";
				CODE_SIGN_STYLE = Automatic;
				CURRENT_PROJECT_VERSION = 1;
				GENERATE_INFOPLIST_FILE = YES;
				IPHONEOS_DEPLOYMENT_TARGET = 18.0;
				MARKETING_VERSION = 1.0;
				PRODUCT_BUNDLE_IDENTIFIER = edu.auburn.onlinecsse.CheckoutAppTests;
				PRODUCT_NAME = "$(TARGET_NAME)";
				SWIFT_EMIT_LOC_STRINGS = NO;
				SWIFT_VERSION = 5.0;
				TARGETED_DEVICE_FAMILY = "1,2";
				TEST_HOST = "$(BUILT_PRODUCTS_DIR)/CheckoutApp.app/$(BUNDLE_EXECUTABLE_FOLDER_PATH)/CheckoutApp";
			};
			name = Release;
		};
		B9816B0F2CC0A62600C2DCD2 /* Debug */ = {
			isa = XCBuildConfiguration;
			buildSettings = {
				CODE_SIGN_STYLE = Automatic;
				CURRENT_PROJECT_VERSION = 1;
				GENERATE_INFOPLIST_FILE = YES;
				MARKETING_VERSION = 1.0;
				PRODUCT_BUNDLE_IDENTIFIER = edu.auburn.onlinecsse.CheckoutAppUITests;
				PRODUCT_NAME = "$(TARGET_NAME)";
				SWIFT_EMIT_LOC_STRINGS = NO;
				SWIFT_VERSION = 5.0;
				TARGETED_DEVICE_FAMILY = "1,2";
				TEST_TARGET_NAME = CheckoutApp;
			};
			name = Debug;
		};
		B9816B102CC0A62600C2DCD2 /* Release */ = {
			isa = XCBuildConfiguration;
			buildSettings = {
				CODE_SIGN_STYLE = Automatic;
				CURRENT_PROJECT_VERSION = 1;
				GENERATE_INFOPLIST_FILE = YES;
				MARKETING_VERSION = 1.0;
				PRODUCT_BUNDLE_IDENTIFIER = edu.auburn.onlinecsse.CheckoutAppUITests;
				PRODUCT_NAME = "$(TARGET_NAME)";
				SWIFT_EMIT_LOC_STRINGS = NO;
				SWIFT_VERSION = 5.0;
				TARGETED_DEVICE_FAMILY = "1,2";
				TEST_TARGET_NAME = CheckoutApp;
			};
			name = Release;
		};
/* End XCBuildConfiguration section */

/* Begin XCConfigurationList section */
		B9816ADF2CC0A61900C2DCD2 /* Build configuration list for PBXProject "CheckoutApp" */ = {
			isa = XCConfigurationList;
			buildConfigurations = (
				B9816B062CC0A62600C2DCD2 /* Debug */,
				B9816B072CC0A62600C2DCD2 /* Release */,
			);
			defaultConfigurationIsVisible = 0;
			defaultConfigurationName = Release;
		};
		B9816B082CC0A62600C2DCD2 /* Build configuration list for PBXNativeTarget "CheckoutApp" */ = {
			isa = XCConfigurationList;
			buildConfigurations = (
				B9816B092CC0A62600C2DCD2 /* Debug */,
				B9816B0A2CC0A62600C2DCD2 /* Release */,
			);
			defaultConfigurationIsVisible = 0;
			defaultConfigurationName = Release;
		};
		B9816B0B2CC0A62600C2DCD2 /* Build configuration list for PBXNativeTarget "CheckoutAppTests" */ = {
			isa = XCConfigurationList;
			buildConfigurations = (
				B9816B0C2CC0A62600C2DCD2 /* Debug */,
				B9816B0D2CC0A62600C2DCD2 /* Release */,
			);
			defaultConfigurationIsVisible = 0;
			defaultConfigurationName = Release;
		};
		B9816B0E2CC0A62600C2DCD2 /* Build configuration list for PBXNativeTarget "CheckoutAppUITests" */ = {
			isa = XCConfigurationList;
			buildConfigurations = (
				B9816B0F2CC0A62600C2DCD2 /* Debug */,
				B9816B102CC0A62600C2DCD2 /* Release */,
			);
			defaultConfigurationIsVisible = 0;
			defaultConfigurationName = Release;
		};
/* End XCConfigurationList section */
	};
	rootObject = B9816ADC2CC0A61900C2DCD2 /* Project object */;
}
